
Microsoft Visual Studio Solution File, Format Version 12.00
# Visual Studio Version 17
VisualStudioVersion = 17.5.33414.496
MinimumVisualStudioVersion = 10.0.40219.1
Project("{9A19103F-16F7-4668-BE54-9A1E7A4F7556}") = "BookingHotelServer", "BookingHotelServer\BookingHotelServer.csproj", "{2FA38610-E06C-4204-8A53-CD6A37D43B5E}"
EndProject
Project("{9A19103F-16F7-4668-BE54-9A1E7A4F7556}") = "BookingHotelDataAccess", "BookingHotelDataAccess\BookingHotelDataAccess.csproj", "{0DD090F4-E9A9-4797-BEA0-547E383DBBDA}"
EndProject
Project("{9A19103F-16F7-4668-BE54-9A1E7A4F7556}") = "BookingHotelCommon", "BookingHotelCommon\BookingHotelCommon.csproj", "{305CDC68-7776-46F3-A64D-9194C6BD0C5E}"
EndProject
Project("{9A19103F-16F7-4668-BE54-9A1E7A4F7556}") = "BookingHotelBusiness", "BookingHotelBusiness\BookingHotelBusiness.csproj", "{860B0A6C-6723-4094-A777-DB123D82244C}"
EndProject
Project("{9A19103F-16F7-4668-BE54-9A1E7A4F7556}") = "BookingHotelModels", "BookingHotelModels\BookingHotelModels.csproj", "{FA33E177-C943-467E-8505-2351C207F02A}"
EndProject
Global
	GlobalSection(SolutionConfigurationPlatforms) = preSolution
		Debug|Any CPU = Debug|Any CPU
		Release|Any CPU = Release|Any CPU
	EndGlobalSection
	GlobalSection(ProjectConfigurationPlatforms) = postSolution
		{2FA38610-E06C-4204-8A53-CD6A37D43B5E}.Debug|Any CPU.ActiveCfg = Debug|Any CPU
		{2FA38610-E06C-4204-8A53-CD6A37D43B5E}.Debug|Any CPU.Build.0 = Debug|Any CPU
		{2FA38610-E06C-4204-8A53-CD6A37D43B5E}.Release|Any CPU.ActiveCfg = Release|Any CPU
		{2FA38610-E06C-4204-8A53-CD6A37D43B5E}.Release|Any CPU.Build.0 = Release|Any CPU
		{0DD090F4-E9A9-4797-BEA0-547E383DBBDA}.Debug|Any CPU.ActiveCfg = Debug|Any CPU
		{0DD090F4-E9A9-4797-BEA0-547E383DBBDA}.Debug|Any CPU.Build.0 = Debug|Any CPU
		{0DD090F4-E9A9-4797-BEA0-547E383DBBDA}.Release|Any CPU.ActiveCfg = Release|Any CPU
		{0DD090F4-E9A9-4797-BEA0-547E383DBBDA}.Release|Any CPU.Build.0 = Release|Any CPU
		{305CDC68-7776-46F3-A64D-9194C6BD0C5E}.Debug|Any CPU.ActiveCfg = Debug|Any CPU
		{305CDC68-7776-46F3-A64D-9194C6BD0C5E}.Debug|Any CPU.Build.0 = Debug|Any CPU
		{305CDC68-7776-46F3-A64D-9194C6BD0C5E}.Release|Any CPU.ActiveCfg = Release|Any CPU
		{305CDC68-7776-46F3-A64D-9194C6BD0C5E}.Release|Any CPU.Build.0 = Release|Any CPU
		{860B0A6C-6723-4094-A777-DB123D82244C}.Debug|Any CPU.ActiveCfg = Debug|Any CPU
		{860B0A6C-6723-4094-A777-DB123D82244C}.Debug|Any CPU.Build.0 = Debug|Any CPU
		{860B0A6C-6723-4094-A777-DB123D82244C}.Release|Any CPU.ActiveCfg = Release|Any CPU
		{860B0A6C-6723-4094-A777-DB123D82244C}.Release|Any CPU.Build.0 = Release|Any CPU
		{FA33E177-C943-467E-8505-2351C207F02A}.Debug|Any CPU.ActiveCfg = Debug|Any CPU
		{FA33E177-C943-467E-8505-2351C207F02A}.Debug|Any CPU.Build.0 = Debug|Any CPU
		{FA33E177-C943-467E-8505-2351C207F02A}.Release|Any CPU.ActiveCfg = Release|Any CPU
		{FA33E177-C943-467E-8505-2351C207F02A}.Release|Any CPU.Build.0 = Release|Any CPU
	EndGlobalSection
	GlobalSection(SolutionProperties) = preSolution
		HideSolutionNode = FALSE
	EndGlobalSection
	GlobalSection(ExtensibilityGlobals) = postSolution
		SolutionGuid = {930BFF9F-ECA2-4D3B-AA93-E6CAEC88C39D}
	EndGlobalSection
EndGlobal
